// !$*UTF8*$!
{
	archiveVersion = 1;
	classes = {
	};
	objectVersion = 56;
	objects = {

/* Begin PBXBuildFile section */
		3A5781D4297BF2B10023DDF5 /* LoginViewModel.swift in Sources */ = {isa = PBXBuildFile; fileRef = 3A5781D3297BF2B10023DDF5 /* LoginViewModel.swift */; };
		3ACF6B422975D5E4008D3C28 /* HeroesLifeView.swift in Sources */ = {isa = PBXBuildFile; fileRef = 3ACF6B412975D5E4008D3C28 /* HeroesLifeView.swift */; };
		3ACF6B442975DB2C008D3C28 /* HeroeListTableViewController.swift in Sources */ = {isa = PBXBuildFile; fileRef = 3ACF6B432975DB2C008D3C28 /* HeroeListTableViewController.swift */; };
		3ACF6B46297703F1008D3C28 /* HeroesListTableViewDataSource.swift in Sources */ = {isa = PBXBuildFile; fileRef = 3ACF6B45297703F1008D3C28 /* HeroesListTableViewDataSource.swift */; };
		3ACF6B4829770C2A008D3C28 /* HeroeListViewCell.swift in Sources */ = {isa = PBXBuildFile; fileRef = 3ACF6B4729770C2A008D3C28 /* HeroeListViewCell.swift */; };
		3ACF6B4B29771273008D3C28 /* HeroeListViewModel.swift in Sources */ = {isa = PBXBuildFile; fileRef = 3ACF6B4A29771273008D3C28 /* HeroeListViewModel.swift */; };
		3ACF6B4D29772289008D3C28 /* HeroesListTableViewDelegate.swift in Sources */ = {isa = PBXBuildFile; fileRef = 3ACF6B4C29772289008D3C28 /* HeroesListTableViewDelegate.swift */; };
		3ACF6B502977259E008D3C28 /* Kingfisher in Frameworks */ = {isa = PBXBuildFile; productRef = 3ACF6B4F2977259E008D3C28 /* Kingfisher */; };
		3ACF6B5529772BE1008D3C28 /* HeroDetailView.swift in Sources */ = {isa = PBXBuildFile; fileRef = 3ACF6B5429772BE1008D3C28 /* HeroDetailView.swift */; };
		3ACF6B5729772C15008D3C28 /* HeroDetailViewController.swift in Sources */ = {isa = PBXBuildFile; fileRef = 3ACF6B5629772C15008D3C28 /* HeroDetailViewController.swift */; };
		3ACF6B5A2977402C008D3C28 /* View.swift in Sources */ = {isa = PBXBuildFile; fileRef = 3ACF6B592977402C008D3C28 /* View.swift */; };
		3ACF6B5C2977403A008D3C28 /* Interactor.swift in Sources */ = {isa = PBXBuildFile; fileRef = 3ACF6B5B2977403A008D3C28 /* Interactor.swift */; };
		3ACF6B5E29774043008D3C28 /* Presenter.swift in Sources */ = {isa = PBXBuildFile; fileRef = 3ACF6B5D29774043008D3C28 /* Presenter.swift */; };
		3ACF6B602977404F008D3C28 /* Entity.swift in Sources */ = {isa = PBXBuildFile; fileRef = 3ACF6B5F2977404F008D3C28 /* Entity.swift */; };
		3ACF6B6229774057008D3C28 /* Router.swift in Sources */ = {isa = PBXBuildFile; fileRef = 3ACF6B6129774057008D3C28 /* Router.swift */; };
		3AF34A7229785A6B00DE1C60 /* LoginView.swift in Sources */ = {isa = PBXBuildFile; fileRef = 3AF34A7129785A6B00DE1C60 /* LoginView.swift */; };
		5D78B9912970857C00274846 /* AppDelegate.swift in Sources */ = {isa = PBXBuildFile; fileRef = 5D78B9902970857C00274846 /* AppDelegate.swift */; };
		5D78B9932970857C00274846 /* SceneDelegate.swift in Sources */ = {isa = PBXBuildFile; fileRef = 5D78B9922970857C00274846 /* SceneDelegate.swift */; };
		5D78B9952970857C00274846 /* LoginViewController.swift in Sources */ = {isa = PBXBuildFile; fileRef = 5D78B9942970857C00274846 /* LoginViewController.swift */; };
		5D78B9982970857C00274846 /* Main.storyboard in Resources */ = {isa = PBXBuildFile; fileRef = 5D78B9962970857C00274846 /* Main.storyboard */; };
		5D78B99A2970857E00274846 /* Assets.xcassets in Resources */ = {isa = PBXBuildFile; fileRef = 5D78B9992970857E00274846 /* Assets.xcassets */; };
		5D78B99D2970857E00274846 /* LaunchScreen.storyboard in Resources */ = {isa = PBXBuildFile; fileRef = 5D78B99B2970857E00274846 /* LaunchScreen.storyboard */; };
		5D78B9A8297088C100274846 /* Constants.swift in Sources */ = {isa = PBXBuildFile; fileRef = 5D78B9A7297088C100274846 /* Constants.swift */; };
		5D78B9AD2970895600274846 /* ApiClient.swift in Sources */ = {isa = PBXBuildFile; fileRef = 5D78B9AC2970895600274846 /* ApiClient.swift */; };
		5D78B9AF2970897600274846 /* HeroModel.swift in Sources */ = {isa = PBXBuildFile; fileRef = 5D78B9AE2970897600274846 /* HeroModel.swift */; };
/* End PBXBuildFile section */

/* Begin PBXFileReference section */
		3A5781D3297BF2B10023DDF5 /* LoginViewModel.swift */ = {isa = PBXFileReference; lastKnownFileType = sourcecode.swift; path = LoginViewModel.swift; sourceTree = "<group>"; };
		3ACF6B412975D5E4008D3C28 /* HeroesLifeView.swift */ = {isa = PBXFileReference; lastKnownFileType = sourcecode.swift; path = HeroesLifeView.swift; sourceTree = "<group>"; };
		3ACF6B432975DB2C008D3C28 /* HeroeListTableViewController.swift */ = {isa = PBXFileReference; lastKnownFileType = sourcecode.swift; path = HeroeListTableViewController.swift; sourceTree = "<group>"; };
		3ACF6B45297703F1008D3C28 /* HeroesListTableViewDataSource.swift */ = {isa = PBXFileReference; lastKnownFileType = sourcecode.swift; path = HeroesListTableViewDataSource.swift; sourceTree = "<group>"; };
		3ACF6B4729770C2A008D3C28 /* HeroeListViewCell.swift */ = {isa = PBXFileReference; lastKnownFileType = sourcecode.swift; path = HeroeListViewCell.swift; sourceTree = "<group>"; };
		3ACF6B4A29771273008D3C28 /* HeroeListViewModel.swift */ = {isa = PBXFileReference; lastKnownFileType = sourcecode.swift; path = HeroeListViewModel.swift; sourceTree = "<group>"; };
		3ACF6B4C29772289008D3C28 /* HeroesListTableViewDelegate.swift */ = {isa = PBXFileReference; lastKnownFileType = sourcecode.swift; path = HeroesListTableViewDelegate.swift; sourceTree = "<group>"; };
		3ACF6B5429772BE1008D3C28 /* HeroDetailView.swift */ = {isa = PBXFileReference; lastKnownFileType = sourcecode.swift; path = HeroDetailView.swift; sourceTree = "<group>"; };
		3ACF6B5629772C15008D3C28 /* HeroDetailViewController.swift */ = {isa = PBXFileReference; lastKnownFileType = sourcecode.swift; path = HeroDetailViewController.swift; sourceTree = "<group>"; };
		3ACF6B592977402C008D3C28 /* View.swift */ = {isa = PBXFileReference; lastKnownFileType = sourcecode.swift; path = View.swift; sourceTree = "<group>"; };
		3ACF6B5B2977403A008D3C28 /* Interactor.swift */ = {isa = PBXFileReference; lastKnownFileType = sourcecode.swift; path = Interactor.swift; sourceTree = "<group>"; };
		3ACF6B5D29774043008D3C28 /* Presenter.swift */ = {isa = PBXFileReference; lastKnownFileType = sourcecode.swift; path = Presenter.swift; sourceTree = "<group>"; };
		3ACF6B5F2977404F008D3C28 /* Entity.swift */ = {isa = PBXFileReference; lastKnownFileType = sourcecode.swift; path = Entity.swift; sourceTree = "<group>"; };
		3ACF6B6129774057008D3C28 /* Router.swift */ = {isa = PBXFileReference; lastKnownFileType = sourcecode.swift; path = Router.swift; sourceTree = "<group>"; };
		3AF34A7129785A6B00DE1C60 /* LoginView.swift */ = {isa = PBXFileReference; lastKnownFileType = sourcecode.swift; path = LoginView.swift; sourceTree = "<group>"; };
		5D78B98D2970857C00274846 /* DragonBallBase.app */ = {isa = PBXFileReference; explicitFileType = wrapper.application; includeInIndex = 0; path = DragonBallBase.app; sourceTree = BUILT_PRODUCTS_DIR; };
		5D78B9902970857C00274846 /* AppDelegate.swift */ = {isa = PBXFileReference; lastKnownFileType = sourcecode.swift; path = AppDelegate.swift; sourceTree = "<group>"; };
		5D78B9922970857C00274846 /* SceneDelegate.swift */ = {isa = PBXFileReference; lastKnownFileType = sourcecode.swift; path = SceneDelegate.swift; sourceTree = "<group>"; };
		5D78B9942970857C00274846 /* LoginViewController.swift */ = {isa = PBXFileReference; lastKnownFileType = sourcecode.swift; path = LoginViewController.swift; sourceTree = "<group>"; };
		5D78B9972970857C00274846 /* Base */ = {isa = PBXFileReference; lastKnownFileType = file.storyboard; name = Base; path = Base.lproj/Main.storyboard; sourceTree = "<group>"; };
		5D78B9992970857E00274846 /* Assets.xcassets */ = {isa = PBXFileReference; lastKnownFileType = folder.assetcatalog; path = Assets.xcassets; sourceTree = "<group>"; };
		5D78B99C2970857E00274846 /* Base */ = {isa = PBXFileReference; lastKnownFileType = file.storyboard; name = Base; path = Base.lproj/LaunchScreen.storyboard; sourceTree = "<group>"; };
		5D78B99E2970857E00274846 /* Info.plist */ = {isa = PBXFileReference; lastKnownFileType = text.plist.xml; path = Info.plist; sourceTree = "<group>"; };
		5D78B9A7297088C100274846 /* Constants.swift */ = {isa = PBXFileReference; lastKnownFileType = sourcecode.swift; path = Constants.swift; sourceTree = "<group>"; };
		5D78B9AC2970895600274846 /* ApiClient.swift */ = {isa = PBXFileReference; lastKnownFileType = sourcecode.swift; path = ApiClient.swift; sourceTree = "<group>"; };
		5D78B9AE2970897600274846 /* HeroModel.swift */ = {isa = PBXFileReference; lastKnownFileType = sourcecode.swift; path = HeroModel.swift; sourceTree = "<group>"; };
/* End PBXFileReference section */

/* Begin PBXFrameworksBuildPhase section */
		5D78B98A2970857C00274846 /* Frameworks */ = {
			isa = PBXFrameworksBuildPhase;
			buildActionMask = 2147483647;
			files = (
				3ACF6B502977259E008D3C28 /* Kingfisher in Frameworks */,
			);
			runOnlyForDeploymentPostprocessing = 0;
		};
/* End PBXFrameworksBuildPhase section */

/* Begin PBXGroup section */
		3ACF6B492977124B008D3C28 /* MvvM */ = {
			isa = PBXGroup;
			children = (
				3ACF6B4A29771273008D3C28 /* HeroeListViewModel.swift */,
				3A5781D3297BF2B10023DDF5 /* LoginViewModel.swift */,
			);
			path = MvvM;
			sourceTree = "<group>";
		};
		3ACF6B5129772B8F008D3C28 /* Controller */ = {
			isa = PBXGroup;
			children = (
				3ACF6B5629772C15008D3C28 /* HeroDetailViewController.swift */,
			);
			path = Controller;
			sourceTree = "<group>";
		};
		3ACF6B5229772B9B008D3C28 /* Model */ = {
			isa = PBXGroup;
			children = (
			);
			path = Model;
			sourceTree = "<group>";
		};
		3ACF6B5329772BA1008D3C28 /* View */ = {
			isa = PBXGroup;
			children = (
				3ACF6B5429772BE1008D3C28 /* HeroDetailView.swift */,
			);
			path = View;
			sourceTree = "<group>";
		};
		3ACF6B5829774003008D3C28 /* VIPER */ = {
			isa = PBXGroup;
			children = (
				3ACF6B592977402C008D3C28 /* View.swift */,
				3ACF6B5B2977403A008D3C28 /* Interactor.swift */,
				3ACF6B5D29774043008D3C28 /* Presenter.swift */,
				3ACF6B5F2977404F008D3C28 /* Entity.swift */,
				3ACF6B6129774057008D3C28 /* Router.swift */,
			);
			path = VIPER;
			sourceTree = "<group>";
		};
		3AF34A6D2978561F00DE1C60 /* Login */ = {
			isa = PBXGroup;
			children = (
				3AF34A702978563B00DE1C60 /* Controller */,
				3AF34A6F2978563600DE1C60 /* Model */,
				3AF34A6E2978562F00DE1C60 /* View */,
			);
			path = Login;
			sourceTree = "<group>";
		};
		3AF34A6E2978562F00DE1C60 /* View */ = {
			isa = PBXGroup;
			children = (
				3AF34A7129785A6B00DE1C60 /* LoginView.swift */,
			);
			path = View;
			sourceTree = "<group>";
		};
		3AF34A6F2978563600DE1C60 /* Model */ = {
			isa = PBXGroup;
			children = (
			);
			path = Model;
			sourceTree = "<group>";
		};
		3AF34A702978563B00DE1C60 /* Controller */ = {
			isa = PBXGroup;
			children = (
				5D78B9942970857C00274846 /* LoginViewController.swift */,
			);
			path = Controller;
			sourceTree = "<group>";
		};
		5D78B9842970857B00274846 = {
			isa = PBXGroup;
			children = (
				5D78B98F2970857C00274846 /* DragonBallBase */,
				5D78B98E2970857C00274846 /* Products */,
			);
			sourceTree = "<group>";
		};
		5D78B98E2970857C00274846 /* Products */ = {
			isa = PBXGroup;
			children = (
				5D78B98D2970857C00274846 /* DragonBallBase.app */,
			);
			name = Products;
			sourceTree = "<group>";
		};
		5D78B98F2970857C00274846 /* DragonBallBase */ = {
			isa = PBXGroup;
			children = (
				3ACF6B5829774003008D3C28 /* VIPER */,
				3ACF6B492977124B008D3C28 /* MvvM */,
				5D78B9A6297088B300274846 /* Utils */,
				5D78B9A52970888700274846 /* HeroesList */,
				5D78B9A42970887000274846 /* HeroDetail */,
				3AF34A6D2978561F00DE1C60 /* Login */,
				5D78B9902970857C00274846 /* AppDelegate.swift */,
				5D78B9922970857C00274846 /* SceneDelegate.swift */,
				5D78B9962970857C00274846 /* Main.storyboard */,
				5D78B9992970857E00274846 /* Assets.xcassets */,
				5D78B99B2970857E00274846 /* LaunchScreen.storyboard */,
				5D78B99E2970857E00274846 /* Info.plist */,
			);
			path = DragonBallBase;
			sourceTree = "<group>";
		};
		5D78B9A42970887000274846 /* HeroDetail */ = {
			isa = PBXGroup;
			children = (
				3ACF6B5329772BA1008D3C28 /* View */,
				3ACF6B5229772B9B008D3C28 /* Model */,
				3ACF6B5129772B8F008D3C28 /* Controller */,
			);
			path = HeroDetail;
			sourceTree = "<group>";
		};
		5D78B9A52970888700274846 /* HeroesList */ = {
			isa = PBXGroup;
			children = (
				5D78B9A92970891500274846 /* Model */,
				5D78B9AA2970892300274846 /* View */,
				5D78B9AB2970893200274846 /* Controller */,
			);
			path = HeroesList;
			sourceTree = "<group>";
		};
		5D78B9A6297088B300274846 /* Utils */ = {
			isa = PBXGroup;
			children = (
				5D78B9A7297088C100274846 /* Constants.swift */,
			);
			path = Utils;
			sourceTree = "<group>";
		};
		5D78B9A92970891500274846 /* Model */ = {
			isa = PBXGroup;
			children = (
				5D78B9AC2970895600274846 /* ApiClient.swift */,
				5D78B9AE2970897600274846 /* HeroModel.swift */,
			);
			path = Model;
			sourceTree = "<group>";
		};
		5D78B9AA2970892300274846 /* View */ = {
			isa = PBXGroup;
			children = (
				3ACF6B412975D5E4008D3C28 /* HeroesLifeView.swift */,
				3ACF6B4729770C2A008D3C28 /* HeroeListViewCell.swift */,
			);
			path = View;
			sourceTree = "<group>";
		};
		5D78B9AB2970893200274846 /* Controller */ = {
			isa = PBXGroup;
			children = (
				3ACF6B45297703F1008D3C28 /* HeroesListTableViewDataSource.swift */,
				3ACF6B4C29772289008D3C28 /* HeroesListTableViewDelegate.swift */,
				3ACF6B432975DB2C008D3C28 /* HeroeListTableViewController.swift */,
			);
			path = Controller;
			sourceTree = "<group>";
		};
/* End PBXGroup section */

/* Begin PBXNativeTarget section */
		5D78B98C2970857C00274846 /* DragonBallBase */ = {
			isa = PBXNativeTarget;
			buildConfigurationList = 5D78B9A12970857E00274846 /* Build configuration list for PBXNativeTarget "DragonBallBase" */;
			buildPhases = (
				5D78B9892970857C00274846 /* Sources */,
				5D78B98A2970857C00274846 /* Frameworks */,
				5D78B98B2970857C00274846 /* Resources */,
			);
			buildRules = (
			);
			dependencies = (
			);
			name = DragonBallBase;
			packageProductDependencies = (
				3ACF6B4F2977259E008D3C28 /* Kingfisher */,
			);
			productName = DragonBallBase;
			productReference = 5D78B98D2970857C00274846 /* DragonBallBase.app */;
			productType = "com.apple.product-type.application";
		};
/* End PBXNativeTarget section */

/* Begin PBXProject section */
		5D78B9852970857C00274846 /* Project object */ = {
			isa = PBXProject;
			attributes = {
				BuildIndependentTargetsInParallel = 1;
				LastSwiftUpdateCheck = 1410;
				LastUpgradeCheck = 1410;
				TargetAttributes = {
					5D78B98C2970857C00274846 = {
						CreatedOnToolsVersion = 14.1;
					};
				};
			};
			buildConfigurationList = 5D78B9882970857C00274846 /* Build configuration list for PBXProject "DragonBallBase" */;
			compatibilityVersion = "Xcode 14.0";
			developmentRegion = en;
			hasScannedForEncodings = 0;
			knownRegions = (
				en,
				Base,
			);
			mainGroup = 5D78B9842970857B00274846;
			packageReferences = (
				3ACF6B4E2977259E008D3C28 /* XCRemoteSwiftPackageReference "Kingfisher" */,
			);
			productRefGroup = 5D78B98E2970857C00274846 /* Products */;
			projectDirPath = "";
			projectRoot = "";
			targets = (
				5D78B98C2970857C00274846 /* DragonBallBase */,
			);
		};
/* End PBXProject section */

/* Begin PBXResourcesBuildPhase section */
		5D78B98B2970857C00274846 /* Resources */ = {
			isa = PBXResourcesBuildPhase;
			buildActionMask = 2147483647;
			files = (
				5D78B99D2970857E00274846 /* LaunchScreen.storyboard in Resources */,
				5D78B99A2970857E00274846 /* Assets.xcassets in Resources */,
				5D78B9982970857C00274846 /* Main.storyboard in Resources */,
			);
			runOnlyForDeploymentPostprocessing = 0;
		};
/* End PBXResourcesBuildPhase section */

/* Begin PBXSourcesBuildPhase section */
		5D78B9892970857C00274846 /* Sources */ = {
			isa = PBXSourcesBuildPhase;
			buildActionMask = 2147483647;
			files = (
				3ACF6B4829770C2A008D3C28 /* HeroeListViewCell.swift in Sources */,
				5D78B9952970857C00274846 /* LoginViewController.swift in Sources */,
				3ACF6B5A2977402C008D3C28 /* View.swift in Sources */,
				3ACF6B5E29774043008D3C28 /* Presenter.swift in Sources */,
				5D78B9912970857C00274846 /* AppDelegate.swift in Sources */,
				3ACF6B422975D5E4008D3C28 /* HeroesLifeView.swift in Sources */,
				3ACF6B6229774057008D3C28 /* Router.swift in Sources */,
				5D78B9932970857C00274846 /* SceneDelegate.swift in Sources */,
				3ACF6B5C2977403A008D3C28 /* Interactor.swift in Sources */,
				3ACF6B46297703F1008D3C28 /* HeroesListTableViewDataSource.swift in Sources */,
				5D78B9A8297088C100274846 /* Constants.swift in Sources */,
				5D78B9AD2970895600274846 /* ApiClient.swift in Sources */,
				3ACF6B4D29772289008D3C28 /* HeroesListTableViewDelegate.swift in Sources */,
				3ACF6B5729772C15008D3C28 /* HeroDetailViewController.swift in Sources */,
				3ACF6B5529772BE1008D3C28 /* HeroDetailView.swift in Sources */,
				3ACF6B602977404F008D3C28 /* Entity.swift in Sources */,
				5D78B9AF2970897600274846 /* HeroModel.swift in Sources */,
				3ACF6B4B29771273008D3C28 /* HeroeListViewModel.swift in Sources */,
				3AF34A7229785A6B00DE1C60 /* LoginView.swift in Sources */,
				3ACF6B442975DB2C008D3C28 /* HeroeListTableViewController.swift in Sources */,
				3A5781D4297BF2B10023DDF5 /* LoginViewModel.swift in Sources */,
			);
			runOnlyForDeploymentPostprocessing = 0;
		};
/* End PBXSourcesBuildPhase section */

/* Begin PBXVariantGroup section */
		5D78B9962970857C00274846 /* Main.storyboard */ = {
			isa = PBXVariantGroup;
			children = (
				5D78B9972970857C00274846 /* Base */,
			);
			name = Main.storyboard;
			sourceTree = "<group>";
		};
		5D78B99B2970857E00274846 /* LaunchScreen.storyboard */ = {
			isa = PBXVariantGroup;
			children = (
				5D78B99C2970857E00274846 /* Base */,
			);
			name = LaunchScreen.storyboard;
			sourceTree = "<group>";
		};
/* End PBXVariantGroup section */

/* Begin XCBuildConfiguration section */
		5D78B99F2970857E00274846 /* Debug */ = {
			isa = XCBuildConfiguration;
			buildSettings = {
				ALWAYS_SEARCH_USER_PATHS = NO;
				CLANG_ANALYZER_NONNULL = YES;
				CLANG_ANALYZER_NUMBER_OBJECT_CONVERSION = YES_AGGRESSIVE;
				CLANG_CXX_LANGUAGE_STANDARD = "gnu++20";
				CLANG_ENABLE_MODULES = YES;
				CLANG_ENABLE_OBJC_ARC = YES;
				CLANG_ENABLE_OBJC_WEAK = YES;
				CLANG_WARN_BLOCK_CAPTURE_AUTORELEASING = YES;
				CLANG_WARN_BOOL_CONVERSION = YES;
				CLANG_WARN_COMMA = YES;
				CLANG_WARN_CONSTANT_CONVERSION = YES;
				CLANG_WARN_DEPRECATED_OBJC_IMPLEMENTATIONS = YES;
				CLANG_WARN_DIRECT_OBJC_ISA_USAGE = YES_ERROR;
				CLANG_WARN_DOCUMENTATION_COMMENTS = YES;
				CLANG_WARN_EMPTY_BODY = YES;
				CLANG_WARN_ENUM_CONVERSION = YES;
				CLANG_WARN_INFINITE_RECURSION = YES;
				CLANG_WARN_INT_CONVERSION = YES;
				CLANG_WARN_NON_LITERAL_NULL_CONVERSION = YES;
				CLANG_WARN_OBJC_IMPLICIT_RETAIN_SELF = YES;
				CLANG_WARN_OBJC_LITERAL_CONVERSION = YES;
				CLANG_WARN_OBJC_ROOT_CLASS = YES_ERROR;
				CLANG_WARN_QUOTED_INCLUDE_IN_FRAMEWORK_HEADER = YES;
				CLANG_WARN_RANGE_LOOP_ANALYSIS = YES;
				CLANG_WARN_STRICT_PROTOTYPES = YES;
				CLANG_WARN_SUSPICIOUS_MOVE = YES;
				CLANG_WARN_UNGUARDED_AVAILABILITY = YES_AGGRESSIVE;
				CLANG_WARN_UNREACHABLE_CODE = YES;
				CLANG_WARN__DUPLICATE_METHOD_MATCH = YES;
				COPY_PHASE_STRIP = NO;
				DEBUG_INFORMATION_FORMAT = dwarf;
				ENABLE_STRICT_OBJC_MSGSEND = YES;
				ENABLE_TESTABILITY = YES;
				GCC_C_LANGUAGE_STANDARD = gnu11;
				GCC_DYNAMIC_NO_PIC = NO;
				GCC_NO_COMMON_BLOCKS = YES;
				GCC_OPTIMIZATION_LEVEL = 0;
				GCC_PREPROCESSOR_DEFINITIONS = (
					"DEBUG=1",
					"$(inherited)",
				);
				GCC_WARN_64_TO_32_BIT_CONVERSION = YES;
				GCC_WARN_ABOUT_RETURN_TYPE = YES_ERROR;
				GCC_WARN_UNDECLARED_SELECTOR = YES;
				GCC_WARN_UNINITIALIZED_AUTOS = YES_AGGRESSIVE;
				GCC_WARN_UNUSED_FUNCTION = YES;
				GCC_WARN_UNUSED_VARIABLE = YES;
				IPHONEOS_DEPLOYMENT_TARGET = 16.1;
				MTL_ENABLE_DEBUG_INFO = INCLUDE_SOURCE;
				MTL_FAST_MATH = YES;
				ONLY_ACTIVE_ARCH = YES;
				SDKROOT = iphoneos;
				SWIFT_ACTIVE_COMPILATION_CONDITIONS = DEBUG;
				SWIFT_OPTIMIZATION_LEVEL = "-Onone";
			};
			name = Debug;
		};
		5D78B9A02970857E00274846 /* Release */ = {
			isa = XCBuildConfiguration;
			buildSettings = {
				ALWAYS_SEARCH_USER_PATHS = NO;
				CLANG_ANALYZER_NONNULL = YES;
				CLANG_ANALYZER_NUMBER_OBJECT_CONVERSION = YES_AGGRESSIVE;
				CLANG_CXX_LANGUAGE_STANDARD = "gnu++20";
				CLANG_ENABLE_MODULES = YES;
				CLANG_ENABLE_OBJC_ARC = YES;
				CLANG_ENABLE_OBJC_WEAK = YES;
				CLANG_WARN_BLOCK_CAPTURE_AUTORELEASING = YES;
				CLANG_WARN_BOOL_CONVERSION = YES;
				CLANG_WARN_COMMA = YES;
				CLANG_WARN_CONSTANT_CONVERSION = YES;
				CLANG_WARN_DEPRECATED_OBJC_IMPLEMENTATIONS = YES;
				CLANG_WARN_DIRECT_OBJC_ISA_USAGE = YES_ERROR;
				CLANG_WARN_DOCUMENTATION_COMMENTS = YES;
				CLANG_WARN_EMPTY_BODY = YES;
				CLANG_WARN_ENUM_CONVERSION = YES;
				CLANG_WARN_INFINITE_RECURSION = YES;
				CLANG_WARN_INT_CONVERSION = YES;
				CLANG_WARN_NON_LITERAL_NULL_CONVERSION = YES;
				CLANG_WARN_OBJC_IMPLICIT_RETAIN_SELF = YES;
				CLANG_WARN_OBJC_LITERAL_CONVERSION = YES;
				CLANG_WARN_OBJC_ROOT_CLASS = YES_ERROR;
				CLANG_WARN_QUOTED_INCLUDE_IN_FRAMEWORK_HEADER = YES;
				CLANG_WARN_RANGE_LOOP_ANALYSIS = YES;
				CLANG_WARN_STRICT_PROTOTYPES = YES;
				CLANG_WARN_SUSPICIOUS_MOVE = YES;
				CLANG_WARN_UNGUARDED_AVAILABILITY = YES_AGGRESSIVE;
				CLANG_WARN_UNREACHABLE_CODE = YES;
				CLANG_WARN__DUPLICATE_METHOD_MATCH = YES;
				COPY_PHASE_STRIP = NO;
				DEBUG_INFORMATION_FORMAT = "dwarf-with-dsym";
				ENABLE_NS_ASSERTIONS = NO;
				ENABLE_STRICT_OBJC_MSGSEND = YES;
				GCC_C_LANGUAGE_STANDARD = gnu11;
				GCC_NO_COMMON_BLOCKS = YES;
				GCC_WARN_64_TO_32_BIT_CONVERSION = YES;
				GCC_WARN_ABOUT_RETURN_TYPE = YES_ERROR;
				GCC_WARN_UNDECLARED_SELECTOR = YES;
				GCC_WARN_UNINITIALIZED_AUTOS = YES_AGGRESSIVE;
				GCC_WARN_UNUSED_FUNCTION = YES;
				GCC_WARN_UNUSED_VARIABLE = YES;
				IPHONEOS_DEPLOYMENT_TARGET = 16.1;
				MTL_ENABLE_DEBUG_INFO = NO;
				MTL_FAST_MATH = YES;
				SDKROOT = iphoneos;
				SWIFT_COMPILATION_MODE = wholemodule;
				SWIFT_OPTIMIZATION_LEVEL = "-O";
				VALIDATE_PRODUCT = YES;
			};
			name = Release;
		};
		5D78B9A22970857E00274846 /* Debug */ = {
			isa = XCBuildConfiguration;
			buildSettings = {
				ASSETCATALOG_COMPILER_APPICON_NAME = AppIcon;
				ASSETCATALOG_COMPILER_GLOBAL_ACCENT_COLOR_NAME = AccentColor;
				CODE_SIGN_STYLE = Automatic;
				CURRENT_PROJECT_VERSION = 1;
				GENERATE_INFOPLIST_FILE = YES;
				INFOPLIST_FILE = DragonBallBase/Info.plist;
				INFOPLIST_KEY_UIApplicationSupportsIndirectInputEvents = YES;
				INFOPLIST_KEY_UILaunchStoryboardName = LaunchScreen;
				INFOPLIST_KEY_UIMainStoryboardFile = Main;
				INFOPLIST_KEY_UISupportedInterfaceOrientations_iPad = "UIInterfaceOrientationPortrait UIInterfaceOrientationPortraitUpsideDown UIInterfaceOrientationLandscapeLeft UIInterfaceOrientationLandscapeRight";
				INFOPLIST_KEY_UISupportedInterfaceOrientations_iPhone = "UIInterfaceOrientationPortrait UIInterfaceOrientationLandscapeLeft UIInterfaceOrientationLandscapeRight";
				LD_RUNPATH_SEARCH_PATHS = (
					"$(inherited)",
					"@executable_path/Frameworks",
				);
				MARKETING_VERSION = 1.0;
				PRODUCT_BUNDLE_IDENTIFIER = com.kc.DragonBallBase;
				PRODUCT_NAME = "$(TARGET_NAME)";
				SWIFT_EMIT_LOC_STRINGS = YES;
				SWIFT_VERSION = 5.0;
				TARGETED_DEVICE_FAMILY = "1,2";
			};
			name = Debug;
		};
		5D78B9A32970857E00274846 /* Release */ = {
			isa = XCBuildConfiguration;
			buildSettings = {
				ASSETCATALOG_COMPILER_APPICON_NAME = AppIcon;
				ASSETCATALOG_COMPILER_GLOBAL_ACCENT_COLOR_NAME = AccentColor;
				CODE_SIGN_STYLE = Automatic;
				CURRENT_PROJECT_VERSION = 1;
				GENERATE_INFOPLIST_FILE = YES;
				INFOPLIST_FILE = DragonBallBase/Info.plist;
				INFOPLIST_KEY_UIApplicationSupportsIndirectInputEvents = YES;
				INFOPLIST_KEY_UILaunchStoryboardName = LaunchScreen;
				INFOPLIST_KEY_UIMainStoryboardFile = Main;
				INFOPLIST_KEY_UISupportedInterfaceOrientations_iPad = "UIInterfaceOrientationPortrait UIInterfaceOrientationPortraitUpsideDown UIInterfaceOrientationLandscapeLeft UIInterfaceOrientationLandscapeRight";
				INFOPLIST_KEY_UISupportedInterfaceOrientations_iPhone = "UIInterfaceOrientationPortrait UIInterfaceOrientationLandscapeLeft UIInterfaceOrientationLandscapeRight";
				LD_RUNPATH_SEARCH_PATHS = (
					"$(inherited)",
					"@executable_path/Frameworks",
				);
				MARKETING_VERSION = 1.0;
				PRODUCT_BUNDLE_IDENTIFIER = com.kc.DragonBallBase;
				PRODUCT_NAME = "$(TARGET_NAME)";
				SWIFT_EMIT_LOC_STRINGS = YES;
				SWIFT_VERSION = 5.0;
				TARGETED_DEVICE_FAMILY = "1,2";
			};
			name = Release;
		};
/* End XCBuildConfiguration section */

/* Begin XCConfigurationList section */
		5D78B9882970857C00274846 /* Build configuration list for PBXProject "DragonBallBase" */ = {
			isa = XCConfigurationList;
			buildConfigurations = (
				5D78B99F2970857E00274846 /* Debug */,
				5D78B9A02970857E00274846 /* Release */,
			);
			defaultConfigurationIsVisible = 0;
			defaultConfigurationName = Release;
		};
		5D78B9A12970857E00274846 /* Build configuration list for PBXNativeTarget "DragonBallBase" */ = {
			isa = XCConfigurationList;
			buildConfigurations = (
				5D78B9A22970857E00274846 /* Debug */,
				5D78B9A32970857E00274846 /* Release */,
			);
			defaultConfigurationIsVisible = 0;
			defaultConfigurationName = Release;
		};
/* End XCConfigurationList section */

/* Begin XCRemoteSwiftPackageReference section */
		3ACF6B4E2977259E008D3C28 /* XCRemoteSwiftPackageReference "Kingfisher" */ = {
			isa = XCRemoteSwiftPackageReference;
			repositoryURL = "https://github.com/onevcat/Kingfisher.git";
			requirement = {
				kind = upToNextMajorVersion;
				minimumVersion = 7.0.0;
			};
		};
/* End XCRemoteSwiftPackageReference section */

/* Begin XCSwiftPackageProductDependency section */
		3ACF6B4F2977259E008D3C28 /* Kingfisher */ = {
			isa = XCSwiftPackageProductDependency;
			package = 3ACF6B4E2977259E008D3C28 /* XCRemoteSwiftPackageReference "Kingfisher" */;
			productName = Kingfisher;
		};
/* End XCSwiftPackageProductDependency section */
	};
	rootObject = 5D78B9852970857C00274846 /* Project object */;
}
